
Microsoft Visual Studio Solution File, Format Version 12.00
# Visual Studio Version 17
VisualStudioVersion = 17.3.32901.215
MinimumVisualStudioVersion = 10.0.40219.1
Project("{FAE04EC0-301F-11D3-BF4B-00C04F79EFBC}") = "TaskPearGroup", "TaskPearGroup\TaskPearGroup.csproj", "{A8C2F053-25C8-48BE-BCDD-4AD488D9CA0B}"
EndProject
Global
	GlobalSection(SolutionConfigurationPlatforms) = preSolution
		Debug|Any CPU = Debug|Any CPU
		Release|Any CPU = Release|Any CPU
	EndGlobalSection
	GlobalSection(ProjectConfigurationPlatforms) = postSolution
		{A8C2F053-25C8-48BE-BCDD-4AD488D9CA0B}.Debug|Any CPU.ActiveCfg = Debug|Any CPU
		{A8C2F053-25C8-48BE-BCDD-4AD488D9CA0B}.Debug|Any CPU.Build.0 = Debug|Any CPU
		{A8C2F053-25C8-48BE-BCDD-4AD488D9CA0B}.Release|Any CPU.ActiveCfg = Release|Any CPU
		{A8C2F053-25C8-48BE-BCDD-4AD488D9CA0B}.Release|Any CPU.Build.0 = Release|Any CPU
	EndGlobalSection
	GlobalSection(SolutionProperties) = preSolution
		HideSolutionNode = FALSE
	EndGlobalSection
	GlobalSection(ExtensibilityGlobals) = postSolution
		SolutionGuid = {599A30F6-0D62-4D85-A371-CBCB1D19ADD9}
	EndGlobalSection
EndGlobal
